{
  "name": "bmw-backend",
  "version": "1.0.0",
  "lockfileVersion": 3,
  "requires": true,
  "packages": {
    "": {
      "name": "bmw-backend",
      "version": "1.0.0",
      "license": "ISC",
      "dependencies": {
        "bmw": "github:veikkos/bmw"
      }
    },
    "node_modules/@adobe/fetch": {
      "version": "3.6.5",
      "resolved": "https://registry.npmjs.org/@adobe/fetch/-/fetch-3.6.5.tgz",
      "integrity": "sha512-12ecUX7nKgE37Qg8hGweZWkDhLQ3zpzMn9DCjyPt1ttkE2Ut8wgb6CVOBoQ6y3u0UlFo+H1hkItvrvQUUpVKhg==",
      "dependencies": {
        "debug": "4.3.4",
        "http-cache-semantics": "4.1.1",
        "lru-cache": "7.18.3"
      },
      "engines": {
        "node": ">=12.0"
      }
    },
    "node_modules/bmw": {
      "version": "1.0.0",
      "resolved": "git+ssh://git@github.com/veikkos/bmw.git#469f3c99c25230c74d4ccaff56f27e51e7ba8ee5",
      "dependencies": {
        "@adobe/fetch": "^3",
        "commander": "^10",
        "formdata-node": "^5",
        "h3-js": "^4.1.0"
      },
      "bin": {
        "bmw": "src/bmw-cli.js"
      }
    },
    "node_modules/commander": {
      "version": "10.0.1",
      "resolved": "https://registry.npmjs.org/commander/-/commander-10.0.1.tgz",
      "integrity": "sha512-y4Mg2tXshplEbSGzx7amzPwKKOCGuoSRP/CjEdwwk0FOGlUbq6lKuoyDZTNZkmxHdJtp54hdfY/JUrdL7Xfdug==",
      "engines": {
        "node": ">=14"
      }
    },
    "node_modules/debug": {
      "version": "4.3.4",
      "resolved": "https://registry.npmjs.org/debug/-/debug-4.3.4.tgz",
      "integrity": "sha512-PRWFHuSU3eDtQJPvnNY7Jcket1j0t5OuOsFzPPzsekD52Zl8qUfFIPEiswXqIvHWGVHOgX+7G/vCNNhehwxfkQ==",
      "dependencies": {
        "ms": "2.1.2"
      },
      "engines": {
        "node": ">=6.0"
      },
      "peerDependenciesMeta": {
        "supports-color": {
          "optional": true
        }
      }
    },
    "node_modules/formdata-node": {
      "version": "5.0.1",
      "resolved": "https://registry.npmjs.org/formdata-node/-/formdata-node-5.0.1.tgz",
      "integrity": "sha512-8xnIjMYGKPj+rY2BTbAmpqVpi8der/2FT4d9f7J32FlsCpO5EzZPq3C/N56zdv8KweHzVF6TGijsS1JT6r1H2g==",
      "dependencies": {
        "node-domexception": "1.0.0",
        "web-streams-polyfill": "4.0.0-beta.3"
      },
      "engines": {
        "node": ">= 14.17"
      }
    },
    "node_modules/h3-js": {
      "version": "4.1.0",
      "resolved": "https://registry.npmjs.org/h3-js/-/h3-js-4.1.0.tgz",
      "integrity": "sha512-LQhmMl1dRQQjMXPzJc7MpZ/CqPOWWuAvVEoVJM9n/s7vHypj+c3Pd5rLQCkAsOgAoAYKbNCsYFE++LF7MvSfCQ==",
      "engines": {
        "node": ">=4",
        "npm": ">=3",
        "yarn": ">=1.3.0"
      }
    },
    "node_modules/http-cache-semantics": {
      "version": "4.1.1",
      "resolved": "https://registry.npmjs.org/http-cache-semantics/-/http-cache-semantics-4.1.1.tgz",
      "integrity": "sha512-er295DKPVsV82j5kw1Gjt+ADA/XYHsajl82cGNQG2eyoPkvgUhX+nDIyelzhIWbbsXP39EHcI6l5tYs2FYqYXQ=="
    },
    "node_modules/lru-cache": {
      "version": "7.18.3",
      "resolved": "https://registry.npmjs.org/lru-cache/-/lru-cache-7.18.3.tgz",
      "integrity": "sha512-jumlc0BIUrS3qJGgIkWZsyfAM7NCWiBcCDhnd+3NNM5KbBmLTgHVfWBcg6W+rLUsIpzpERPsvwUP7CckAQSOoA==",
      "engines": {
        "node": ">=12"
      }
    },
    "node_modules/ms": {
      "version": "2.1.2",
      "resolved": "https://registry.npmjs.org/ms/-/ms-2.1.2.tgz",
      "integrity": "sha512-sGkPx+VjMtmA6MX27oA4FBFELFCZZ4S4XqeGOXCv68tT+jb3vk/RyaKWP0PTKyWtmLSM0b+adUTEvbs1PEaH2w=="
    },
    "node_modules/node-domexception": {
      "version": "1.0.0",
      "resolved": "https://registry.npmjs.org/node-domexception/-/node-domexception-1.0.0.tgz",
      "integrity": "sha512-/jKZoMpw0F8GRwl4/eLROPA3cfcXtLApP0QzLmUT/HuPCZWyB7IY9ZrMeKw2O/nFIqPQB3PVM9aYm0F312AXDQ==",
      "funding": [
        {
          "type": "github",
          "url": "https://github.com/sponsors/jimmywarting"
        },
        {
          "type": "github",
          "url": "https://paypal.me/jimmywarting"
        }
      ],
      "engines": {
        "node": ">=10.5.0"
      }
    },
    "node_modules/web-streams-polyfill": {
      "version": "4.0.0-beta.3",
      "resolved": "https://registry.npmjs.org/web-streams-polyfill/-/web-streams-polyfill-4.0.0-beta.3.tgz",
      "integrity": "sha512-QW95TCTaHmsYfHDybGMwO5IJIM93I/6vTRk+daHTWFPhwh+C8Cg7j7XyKrwrj8Ib6vYXe0ocYNrmzY4xAAN6ug==",
      "engines": {
        "node": ">= 14"
      }
    }
  }
}
